
Microsoft Visual Studio Solution File, Format Version 12.00
Project("{FAE04EC0-301F-11D3-BF4B-00C04F79EFBC}") = "Wasteland.App", "Wasteland.App\Wasteland.App.csproj", "{0A3BE832-27F0-4045-BE94-D9CB6B8D9142}"
EndProject
Project("{FAE04EC0-301F-11D3-BF4B-00C04F79EFBC}") = "Wasteland.Tests", "Wasteland.Tests\Wasteland.Tests.csproj", "{1E8B997E-B48C-4B31-84D1-2993E484B579}"
EndProject
Global
	GlobalSection(SolutionConfigurationPlatforms) = preSolution
		Debug|Any CPU = Debug|Any CPU
		Release|Any CPU = Release|Any CPU
	EndGlobalSection
	GlobalSection(ProjectConfigurationPlatforms) = postSolution
		{0A3BE832-27F0-4045-BE94-D9CB6B8D9142}.Debug|Any CPU.ActiveCfg = Debug|Any CPU
		{0A3BE832-27F0-4045-BE94-D9CB6B8D9142}.Debug|Any CPU.Build.0 = Debug|Any CPU
		{0A3BE832-27F0-4045-BE94-D9CB6B8D9142}.Release|Any CPU.ActiveCfg = Release|Any CPU
		{0A3BE832-27F0-4045-BE94-D9CB6B8D9142}.Release|Any CPU.Build.0 = Release|Any CPU
		{1E8B997E-B48C-4B31-84D1-2993E484B579}.Debug|Any CPU.ActiveCfg = Debug|Any CPU
		{1E8B997E-B48C-4B31-84D1-2993E484B579}.Debug|Any CPU.Build.0 = Debug|Any CPU
		{1E8B997E-B48C-4B31-84D1-2993E484B579}.Release|Any CPU.ActiveCfg = Release|Any CPU
		{1E8B997E-B48C-4B31-84D1-2993E484B579}.Release|Any CPU.Build.0 = Release|Any CPU
	EndGlobalSection
EndGlobal
