
Microsoft Visual Studio Solution File, Format Version 12.00
# Visual Studio Version 17
VisualStudioVersion = 17.0.31903.59
MinimumVisualStudioVersion = 10.0.40219.1
Project("{FAE04EC0-301F-11D3-BF4B-00C04F79EFBC}") = "Cube.Tests", "Cube.Tests\Cube.Tests.csproj", "{83F7945A-70C1-4587-A3B1-B7B71A2317BB}"
EndProject
Project("{FAE04EC0-301F-11D3-BF4B-00C04F79EFBC}") = "Cube.App", "Cube.App\Cube.App.csproj", "{25B8F0E2-82F2-4902-BD45-E2ABE905B267}"
EndProject
Global
	GlobalSection(SolutionConfigurationPlatforms) = preSolution
		Debug|Any CPU = Debug|Any CPU
		Release|Any CPU = Release|Any CPU
	EndGlobalSection
	GlobalSection(SolutionProperties) = preSolution
		HideSolutionNode = FALSE
	EndGlobalSection
	GlobalSection(ProjectConfigurationPlatforms) = postSolution
		{83F7945A-70C1-4587-A3B1-B7B71A2317BB}.Debug|Any CPU.ActiveCfg = Debug|Any CPU
		{83F7945A-70C1-4587-A3B1-B7B71A2317BB}.Debug|Any CPU.Build.0 = Debug|Any CPU
		{83F7945A-70C1-4587-A3B1-B7B71A2317BB}.Release|Any CPU.ActiveCfg = Release|Any CPU
		{83F7945A-70C1-4587-A3B1-B7B71A2317BB}.Release|Any CPU.Build.0 = Release|Any CPU
		{25B8F0E2-82F2-4902-BD45-E2ABE905B267}.Debug|Any CPU.ActiveCfg = Debug|Any CPU
		{25B8F0E2-82F2-4902-BD45-E2ABE905B267}.Debug|Any CPU.Build.0 = Debug|Any CPU
		{25B8F0E2-82F2-4902-BD45-E2ABE905B267}.Release|Any CPU.ActiveCfg = Release|Any CPU
		{25B8F0E2-82F2-4902-BD45-E2ABE905B267}.Release|Any CPU.Build.0 = Release|Any CPU
	EndGlobalSection
EndGlobal
