
Microsoft Visual Studio Solution File, Format Version 12.00
# Visual Studio Version 17
VisualStudioVersion = 17.0.31903.59
MinimumVisualStudioVersion = 10.0.40219.1
Project("{FAE04EC0-301F-11D3-BF4B-00C04F79EFBC}") = "Farmer.App", "Farmer.App\Farmer.App.csproj", "{398C89BF-FB71-4CD3-98FB-0E56382500D7}"
EndProject
Project("{FAE04EC0-301F-11D3-BF4B-00C04F79EFBC}") = "Farmer.Tests", "Farmer.Tests\Farmer.Tests.csproj", "{928AAE87-0DEB-40A2-BECC-65CC3947038B}"
EndProject
Global
	GlobalSection(SolutionConfigurationPlatforms) = preSolution
		Debug|Any CPU = Debug|Any CPU
		Release|Any CPU = Release|Any CPU
	EndGlobalSection
	GlobalSection(SolutionProperties) = preSolution
		HideSolutionNode = FALSE
	EndGlobalSection
	GlobalSection(ProjectConfigurationPlatforms) = postSolution
		{398C89BF-FB71-4CD3-98FB-0E56382500D7}.Debug|Any CPU.ActiveCfg = Debug|Any CPU
		{398C89BF-FB71-4CD3-98FB-0E56382500D7}.Debug|Any CPU.Build.0 = Debug|Any CPU
		{398C89BF-FB71-4CD3-98FB-0E56382500D7}.Release|Any CPU.ActiveCfg = Release|Any CPU
		{398C89BF-FB71-4CD3-98FB-0E56382500D7}.Release|Any CPU.Build.0 = Release|Any CPU
		{928AAE87-0DEB-40A2-BECC-65CC3947038B}.Debug|Any CPU.ActiveCfg = Debug|Any CPU
		{928AAE87-0DEB-40A2-BECC-65CC3947038B}.Debug|Any CPU.Build.0 = Debug|Any CPU
		{928AAE87-0DEB-40A2-BECC-65CC3947038B}.Release|Any CPU.ActiveCfg = Release|Any CPU
		{928AAE87-0DEB-40A2-BECC-65CC3947038B}.Release|Any CPU.Build.0 = Release|Any CPU
	EndGlobalSection
EndGlobal
